[[package]]
name = "aiohttp"
version = "3.7.4"
description = "Async http client/server framework (asyncio)"
category = "main"
optional = false
python-versions = ">=3.6"

[package.dependencies]
async-timeout = ">=3.0,<4.0"
attrs = ">=17.3.0"
chardet = ">=2.0,<4.0"
multidict = ">=4.5,<7.0"
typing-extensions = ">=3.6.5"
yarl = ">=1.0,<2.0"

[package.extras]
speedups = ["aiodns", "brotlipy", "cchardet"]

[[package]]
name = "async-timeout"
version = "3.0.1"
description = "Timeout context manager for asyncio programs"
category = "main"
optional = false
python-versions = ">=3.5.3"

[[package]]
name = "attrs"
version = "19.1.0"
description = "Classes Without Boilerplate"
category = "main"
optional = false
python-versions = ">=2.7, !=3.0.*, !=3.1.*, !=3.2.*, !=3.3.*"

[package.extras]
dev = ["coverage", "hypothesis", "pympler", "pytest", "six", "zope.interface", "sphinx", "pre-commit"]
docs = ["sphinx", "zope.interface"]
tests = ["coverage", "hypothesis", "pympler", "pytest", "six", "zope.interface"]

[[package]]
name = "chardet"
version = "3.0.4"
description = "Universal encoding detector for Python 2 and 3"
category = "main"
optional = false
python-versions = "*"

[[package]]
name = "idna"
version = "2.8"
description = "Internationalized Domain Names in Applications (IDNA)"
category = "main"
optional = false
python-versions = ">=2.7, !=3.0.*, !=3.1.*, !=3.2.*, !=3.3.*"

[[package]]
name = "multidict"
version = "4.5.2"
description = "multidict implementation"
category = "main"
optional = false
python-versions = ">=3.4.1"

[[package]]
name = "tqdm"
version = "4.31.1"
description = "Fast, Extensible Progress Meter"
category = "main"
optional = false
python-versions = ">=2.6, !=3.0.*, !=3.1.*"

[package.extras]
dev = ["py-make (>=0.1.0)", "twine", "argopt", "pydoc-markdown"]

[[package]]
name = "typing-extensions"
version = "3.7.4.3"
description = "Backported and Experimental Type Hints for Python 3.5+"
category = "main"
optional = false
python-versions = "*"

[[package]]
name = "ujson"
version = "1.35"
description = "Ultra fast JSON encoder and decoder for Python"
category = "main"
optional = false
python-versions = "*"

[[package]]
name = "uvloop"
version = "0.12.2"
description = "Fast implementation of asyncio event loop on top of libuv"
category = "main"
optional = false
python-versions = "*"

[[package]]
name = "yarl"
version = "1.3.0"
description = "Yet another URL library"
category = "main"
optional = false
python-versions = ">=3.5.3"

[package.dependencies]
idna = ">=2.0"
multidict = ">=4.0"

[metadata]
lock-version = "1.1"
python-versions = "^3.7"
content-hash = "583e263731d0e75eaf716b42f0ca2b1d134e91558c13b5d08bf3b82db46542d3"

[metadata.files]
aiohttp = [
    {file = "aiohttp-3.7.4-cp36-cp36m-macosx_10_14_x86_64.whl", hash = "sha256:6c8200abc9dc5f27203986100579fc19ccad7a832c07d2bc151ce4ff17190076"},
    {file = "aiohttp-3.7.4-cp36-cp36m-manylinux1_i686.whl", hash = "sha256:dd7936f2a6daa861143e376b3a1fb56e9b802f4980923594edd9ca5670974895"},
    {file = "aiohttp-3.7.4-cp36-cp36m-manylinux2014_aarch64.whl", hash = "sha256:bc3d14bf71a3fb94e5acf5bbf67331ab335467129af6416a437bd6024e4f743d"},
    {file = "aiohttp-3.7.4-cp36-cp36m-manylinux2014_i686.whl", hash = "sha256:8ec1a38074f68d66ccb467ed9a673a726bb397142c273f90d4ba954666e87d54"},
    {file = "aiohttp-3.7.4-cp36-cp36m-manylinux2014_ppc64le.whl", hash = "sha256:b84ad94868e1e6a5e30d30ec419956042815dfaea1b1df1cef623e4564c374d9"},
    {file = "aiohttp-3.7.4-cp36-cp36m-manylinux2014_s390x.whl", hash = "sha256:d5d102e945ecca93bcd9801a7bb2fa703e37ad188a2f81b1e65e4abe4b51b00c"},
    {file = "aiohttp-3.7.4-cp36-cp36m-manylinux2014_x86_64.whl", hash = "sha256:c2a80fd9a8d7e41b4e38ea9fe149deed0d6aaede255c497e66b8213274d6d61b"},
    {file = "aiohttp-3.7.4-cp36-cp36m-win32.whl", hash = "sha256:481d4b96969fbfdcc3ff35eea5305d8565a8300410d3d269ccac69e7256b1329"},
    {file = "aiohttp-3.7.4-cp36-cp36m-win_amd64.whl", hash = "sha256:16d0683ef8a6d803207f02b899c928223eb219111bd52420ef3d7a8aa76227b6"},
    {file = "aiohttp-3.7.4-cp37-cp37m-macosx_10_14_x86_64.whl", hash = "sha256:eab51036cac2da8a50d7ff0ea30be47750547c9aa1aa2cf1a1b710a1827e7dbe"},
    {file = "aiohttp-3.7.4-cp37-cp37m-manylinux1_i686.whl", hash = "sha256:feb24ff1226beeb056e247cf2e24bba5232519efb5645121c4aea5b6ad74c1f2"},
    {file = "aiohttp-3.7.4-cp37-cp37m-manylinux2014_aarch64.whl", hash = "sha256:119feb2bd551e58d83d1b38bfa4cb921af8ddedec9fad7183132db334c3133e0"},
    {file = "aiohttp-3.7.4-cp37-cp37m-manylinux2014_i686.whl", hash = "sha256:6ca56bdfaf825f4439e9e3673775e1032d8b6ea63b8953d3812c71bd6a8b81de"},
    {file = "aiohttp-3.7.4-cp37-cp37m-manylinux2014_ppc64le.whl", hash = "sha256:5563ad7fde451b1986d42b9bb9140e2599ecf4f8e42241f6da0d3d624b776f40"},
    {file = "aiohttp-3.7.4-cp37-cp37m-manylinux2014_s390x.whl", hash = "sha256:62bc216eafac3204877241569209d9ba6226185aa6d561c19159f2e1cbb6abfb"},
    {file = "aiohttp-3.7.4-cp37-cp37m-manylinux2014_x86_64.whl", hash = "sha256:f4496d8d04da2e98cc9133e238ccebf6a13ef39a93da2e87146c8c8ac9768242"},
    {file = "aiohttp-3.7.4-cp37-cp37m-win32.whl", hash = "sha256:2ffea7904e70350da429568113ae422c88d2234ae776519549513c8f217f58a9"},
    {file = "aiohttp-3.7.4-cp37-cp37m-win_amd64.whl", hash = "sha256:5e91e927003d1ed9283dee9abcb989334fc8e72cf89ebe94dc3e07e3ff0b11e9"},
    {file = "aiohttp-3.7.4-cp38-cp38-macosx_10_14_x86_64.whl", hash = "sha256:4c1bdbfdd231a20eee3e56bd0ac1cd88c4ff41b64ab679ed65b75c9c74b6c5c2"},
    {file = "aiohttp-3.7.4-cp38-cp38-manylinux1_i686.whl", hash = "sha256:71680321a8a7176a58dfbc230789790639db78dad61a6e120b39f314f43f1907"},
    {file = "aiohttp-3.7.4-cp38-cp38-manylinux2014_aarch64.whl", hash = "sha256:7dbd087ff2f4046b9b37ba28ed73f15fd0bc9f4fdc8ef6781913da7f808d9536"},
    {file = "aiohttp-3.7.4-cp38-cp38-manylinux2014_i686.whl", hash = "sha256:dee68ec462ff10c1d836c0ea2642116aba6151c6880b688e56b4c0246770f297"},
    {file = "aiohttp-3.7.4-cp38-cp38-manylinux2014_ppc64le.whl", hash = "sha256:99c5a5bf7135607959441b7d720d96c8e5c46a1f96e9d6d4c9498be8d5f24212"},
    {file = "aiohttp-3.7.4-cp38-cp38-manylinux2014_s390x.whl", hash = "sha256:5dde6d24bacac480be03f4f864e9a67faac5032e28841b00533cd168ab39cad9"},
    {file = "aiohttp-3.7.4-cp38-cp38-manylinux2014_x86_64.whl", hash = "sha256:418597633b5cd9639e514b1d748f358832c08cd5d9ef0870026535bd5eaefdd0"},
    {file = "aiohttp-3.7.4-cp38-cp38-win32.whl", hash = "sha256:e76e78863a4eaec3aee5722d85d04dcbd9844bc6cd3bfa6aa880ff46ad16bfcb"},
    {file = "aiohttp-3.7.4-cp38-cp38-win_amd64.whl", hash = "sha256:950b7ef08b2afdab2488ee2edaff92a03ca500a48f1e1aaa5900e73d6cf992bc"},
    {file = "aiohttp-3.7.4-cp39-cp39-macosx_10_14_x86_64.whl", hash = "sha256:2eb3efe243e0f4ecbb654b08444ae6ffab37ac0ef8f69d3a2ffb958905379daf"},
    {file = "aiohttp-3.7.4-cp39-cp39-manylinux1_i686.whl", hash = "sha256:822bd4fd21abaa7b28d65fc9871ecabaddc42767884a626317ef5b75c20e8a2d"},
    {file = "aiohttp-3.7.4-cp39-cp39-manylinux2014_aarch64.whl", hash = "sha256:58c62152c4c8731a3152e7e650b29ace18304d086cb5552d317a54ff2749d32a"},
    {file = "aiohttp-3.7.4-cp39-cp39-manylinux2014_i686.whl", hash = "sha256:7c7820099e8b3171e54e7eedc33e9450afe7cd08172632d32128bd527f8cb77d"},
    {file = "aiohttp-3.7.4-cp39-cp39-manylinux2014_ppc64le.whl", hash = "sha256:5b50e0b9460100fe05d7472264d1975f21ac007b35dcd6fd50279b72925a27f4"},
    {file = "aiohttp-3.7.4-cp39-cp39-manylinux2014_s390x.whl", hash = "sha256:c44d3c82a933c6cbc21039326767e778eface44fca55c65719921c4b9661a3f7"},
    {file = "aiohttp-3.7.4-cp39-cp39-manylinux2014_x86_64.whl", hash = "sha256:cc31e906be1cc121ee201adbdf844522ea3349600dd0a40366611ca18cd40e81"},
    {file = "aiohttp-3.7.4-cp39-cp39-win32.whl", hash = "sha256:fbd3b5e18d34683decc00d9a360179ac1e7a320a5fee10ab8053ffd6deab76e0"},
    {file = "aiohttp-3.7.4-cp39-cp39-win_amd64.whl", hash = "sha256:40bd1b101b71a18a528ffce812cc14ff77d4a2a1272dfb8b11b200967489ef3e"},
    {file = "aiohttp-3.7.4.tar.gz", hash = "sha256:5d84ecc73141d0a0d61ece0742bb7ff5751b0657dab8405f899d3ceb104cc7de"},
]
async-timeout = [
    {file = "async-timeout-3.0.1.tar.gz", hash = "sha256:0c3c816a028d47f659d6ff5c745cb2acf1f966da1fe5c19c77a70282b25f4c5f"},
    {file = "async_timeout-3.0.1-py3-none-any.whl", hash = "sha256:4291ca197d287d274d0b6cb5d6f8f8f82d434ed288f962539ff18cc9012f9ea3"},
]
attrs = [
    {file = "attrs-19.1.0-py2.py3-none-any.whl", hash = "sha256:69c0dbf2ed392de1cb5ec704444b08a5ef81680a61cb899dc08127123af36a79"},
    {file = "attrs-19.1.0.tar.gz", hash = "sha256:f0b870f674851ecbfbbbd364d6b5cbdff9dcedbc7f3f5e18a6891057f21fe399"},
]
chardet = [
    {file = "chardet-3.0.4-py2.py3-none-any.whl", hash = "sha256:fc323ffcaeaed0e0a02bf4d117757b98aed530d9ed4531e3e15460124c106691"},
    {file = "chardet-3.0.4.tar.gz", hash = "sha256:84ab92ed1c4d4f16916e05906b6b75a6c0fb5db821cc65e70cbd64a3e2a5eaae"},
]
idna = [
    {file = "idna-2.8-py2.py3-none-any.whl", hash = "sha256:ea8b7f6188e6fa117537c3df7da9fc686d485087abf6ac197f9c46432f7e4a3c"},
    {file = "idna-2.8.tar.gz", hash = "sha256:c357b3f628cf53ae2c4c05627ecc484553142ca23264e593d327bcde5e9c3407"},
]
multidict = [
    {file = "multidict-4.5.2-cp34-cp34m-macosx_10_12_intel.macosx_10_12_x86_64.macosx_10_13_intel.macosx_10_13_x86_64.whl", hash = "sha256:068167c2d7bbeebd359665ac4fff756be5ffac9cda02375b5c5a7c4777038e73"},
    {file = "multidict-4.5.2-cp34-cp34m-macosx_10_6_intel.macosx_10_6_x86_64.macosx_10_7_intel.macosx_10_7_x86_64.macosx_10_8_intel.macosx_10_8_x86_64.whl", hash = "sha256:7c1b7eab7a49aa96f3db1f716f0113a8a2e93c7375dd3d5d21c4941f1405c9c5"},
    {file = "multidict-4.5.2-cp34-cp34m-macosx_10_9_intel.macosx_10_9_x86_64.macosx_10_10_intel.macosx_10_10_x86_64.macosx_10_11_intel.macosx_10_11_x86_64.whl", hash = "sha256:8ccd1c5fff1aa1427100ce188557fc31f1e0a383ad8ec42c559aabd4ff08802d"},
    {file = "multidict-4.5.2-cp34-cp34m-manylinux1_i686.whl", hash = "sha256:6a3a9b0f45fd75dc05d8e93dc21b18fc1670135ec9544d1ad4acbcf6b86781d0"},
    {file = "multidict-4.5.2-cp34-cp34m-manylinux1_x86_64.whl", hash = "sha256:31dfa2fc323097f8ad7acd41aa38d7c614dd1960ac6681745b6da124093dc351"},
    {file = "multidict-4.5.2-cp34-cp34m-win32.whl", hash = "sha256:8e08dd76de80539d613654915a2f5196dbccc67448df291e69a88712ea21e24a"},
    {file = "multidict-4.5.2-cp34-cp34m-win_amd64.whl", hash = "sha256:d1071414dd06ca2eafa90c85a079169bfeb0e5f57fd0b45d44c092546fcd6fd9"},
    {file = "multidict-4.5.2-cp35-cp35m-macosx_10_12_intel.macosx_10_12_x86_64.macosx_10_13_intel.macosx_10_13_x86_64.whl", hash = "sha256:1d1c77013a259971a72ddaa83b9f42c80a93ff12df6a4723be99d858fa30bee3"},
    {file = "multidict-4.5.2-cp35-cp35m-macosx_10_6_intel.macosx_10_6_x86_64.macosx_10_7_intel.macosx_10_7_x86_64.macosx_10_8_intel.macosx_10_8_x86_64.whl", hash = "sha256:3d5dd8e5998fb4ace04789d1d008e2bb532de501218519d70bb672c4c5a2fc5d"},
    {file = "multidict-4.5.2-cp35-cp35m-macosx_10_9_intel.macosx_10_9_x86_64.macosx_10_10_intel.macosx_10_10_x86_64.macosx_10_11_intel.macosx_10_11_x86_64.whl", hash = "sha256:7fc0eee3046041387cbace9314926aa48b681202f8897f8bff3809967a049036"},
    {file = "multidict-4.5.2-cp35-cp35m-manylinux1_i686.whl", hash = "sha256:041e9442b11409be5e4fc8b6a97e4bcead758ab1e11768d1e69160bdde18acc3"},
    {file = "multidict-4.5.2-cp35-cp35m-manylinux1_x86_64.whl", hash = "sha256:c49db89d602c24928e68c0d510f4fcf8989d77defd01c973d6cbe27e684833b1"},
    {file = "multidict-4.5.2-cp35-cp35m-win32.whl", hash = "sha256:34f82db7f80c49f38b032c5abb605c458bac997a6c3142e0d6c130be6fb2b941"},
    {file = "multidict-4.5.2-cp35-cp35m-win_amd64.whl", hash = "sha256:5de53a28f40ef3c4fd57aeab6b590c2c663de87a5af76136ced519923d3efbb3"},
    {file = "multidict-4.5.2-cp36-cp36m-macosx_10_12_intel.macosx_10_12_x86_64.macosx_10_13_intel.macosx_10_13_x86_64.whl", hash = "sha256:db603a1c235d110c860d5f39988ebc8218ee028f07a7cbc056ba6424372ca31b"},
    {file = "multidict-4.5.2-cp36-cp36m-macosx_10_6_intel.macosx_10_6_x86_64.macosx_10_7_intel.macosx_10_7_x86_64.macosx_10_8_intel.macosx_10_8_x86_64.whl", hash = "sha256:ce20044d0317649ddbb4e54dab3c1bcc7483c78c27d3f58ab3d0c7e6bc60d26a"},
    {file = "multidict-4.5.2-cp36-cp36m-macosx_10_9_intel.macosx_10_9_x86_64.macosx_10_10_intel.macosx_10_10_x86_64.macosx_10_11_intel.macosx_10_11_x86_64.whl", hash = "sha256:4b843f8e1dd6a3195679d9838eb4670222e8b8d01bc36c9894d6c3538316fa0a"},
    {file = "multidict-4.5.2-cp36-cp36m-manylinux1_i686.whl", hash = "sha256:047c0a04e382ef8bd74b0de01407e8d8632d7d1b4db6f2561106af812a68741b"},
    {file = "multidict-4.5.2-cp36-cp36m-manylinux1_x86_64.whl", hash = "sha256:148ff60e0fffa2f5fad2eb25aae7bef23d8f3b8bdaf947a65cdbe84a978092bc"},
    {file = "multidict-4.5.2-cp36-cp36m-win32.whl", hash = "sha256:4b02a3b2a2f01d0490dd39321c74273fed0568568ea0e7ea23e02bd1fb10a10b"},
    {file = "multidict-4.5.2-cp36-cp36m-win_amd64.whl", hash = "sha256:d3be11ac43ab1a3e979dac80843b42226d5d3cccd3986f2e03152720a4297cd7"},
    {file = "multidict-4.5.2-cp37-cp37m-macosx_10_12_intel.macosx_10_12_x86_64.macosx_10_13_intel.macosx_10_13_x86_64.whl", hash = "sha256:1d48bc124a6b7a55006d97917f695effa9725d05abe8ee78fd60d6588b8344cd"},
    {file = "multidict-4.5.2-cp37-cp37m-macosx_10_6_intel.macosx_10_6_x86_64.macosx_10_7_intel.macosx_10_7_x86_64.macosx_10_8_intel.macosx_10_8_x86_64.whl", hash = "sha256:61b2b33ede821b94fa99ce0b09c9ece049c7067a33b279f343adfe35108a4ea7"},
    {file = "multidict-4.5.2-cp37-cp37m-macosx_10_9_intel.macosx_10_9_x86_64.macosx_10_10_intel.macosx_10_10_x86_64.macosx_10_11_intel.macosx_10_11_x86_64.whl", hash = "sha256:76ad8e4c69dadbb31bad17c16baee61c0d1a4a73bed2590b741b2e1a46d3edd0"},
    {file = "multidict-4.5.2-cp37-cp37m-manylinux1_i686.whl", hash = "sha256:7ba19b777dc00194d1b473180d4ca89a054dd18de27d0ee2e42a103ec9b7d014"},
    {file = "multidict-4.5.2-cp37-cp37m-manylinux1_x86_64.whl", hash = "sha256:c18498c50c59263841862ea0501da9f2b3659c00db54abfbf823a80787fde8ce"},
    {file = "multidict-4.5.2-cp37-cp37m-win32.whl", hash = "sha256:045b4dd0e5f6121e6f314d81759abd2c257db4634260abcfe0d3f7083c4908ef"},
    {file = "multidict-4.5.2-cp37-cp37m-win_amd64.whl", hash = "sha256:4a6ae52bd3ee41ee0f3acf4c60ceb3f44e0e3bc52ab7da1c2b2aa6703363a3d1"},
    {file = "multidict-4.5.2.tar.gz", hash = "sha256:024b8129695a952ebd93373e45b5d341dbb87c17ce49637b34000093f243dd4f"},
]
tqdm = [
    {file = "tqdm-4.31.1-py2.py3-none-any.whl", hash = "sha256:d385c95361699e5cf7622485d9b9eae2d4864b21cd5a2374a9c381ffed701021"},
    {file = "tqdm-4.31.1.tar.gz", hash = "sha256:e22977e3ebe961f72362f6ddfb9197cc531c9737aaf5f607ef09740c849ecd05"},
]
typing-extensions = [
    {file = "typing_extensions-3.7.4.3-py2-none-any.whl", hash = "sha256:dafc7639cde7f1b6e1acc0f457842a83e722ccca8eef5270af2d74792619a89f"},
    {file = "typing_extensions-3.7.4.3-py3-none-any.whl", hash = "sha256:7cb407020f00f7bfc3cb3e7881628838e69d8f3fcab2f64742a5e76b2f841918"},
    {file = "typing_extensions-3.7.4.3.tar.gz", hash = "sha256:99d4073b617d30288f569d3f13d2bd7548c3a7e4c8de87db09a9d29bb3a4a60c"},
]
ujson = [
    {file = "ujson-1.35.tar.gz", hash = "sha256:f66073e5506e91d204ab0c614a148d5aa938bdbf104751be66f8ad7a222f5f86"},
]
uvloop = [
    {file = "uvloop-0.12.2-cp35-cp35m-macosx_10_11_x86_64.whl", hash = "sha256:ac1dca3d8f3ef52806059e81042ee397ac939e5a86c8a3cea55d6b087db66115"},
    {file = "uvloop-0.12.2-cp35-cp35m-manylinux1_i686.whl", hash = "sha256:8c200457e6847f28d8bb91c5e5039d301716f5f2fce25646f5fb3fd65eda4a26"},
    {file = "uvloop-0.12.2-cp35-cp35m-manylinux1_x86_64.whl", hash = "sha256:fefc3b2b947c99737c348887db2c32e539160dcbeb7af9aa6b53db7a283538fe"},
    {file = "uvloop-0.12.2-cp36-cp36m-macosx_10_11_x86_64.whl", hash = "sha256:958906b9ca39eb158414fbb7d6b8ef1b7aee4db5c8e8e5d00fcbb69a1ce9dca7"},
    {file = "uvloop-0.12.2-cp36-cp36m-manylinux1_i686.whl", hash = "sha256:67867aafd6e0bc2c30a079603a85d83b94f23c5593b3cc08ec7e58ac18bf48e5"},
    {file = "uvloop-0.12.2-cp36-cp36m-manylinux1_x86_64.whl", hash = "sha256:2f31de1742c059c96cb76b91c5275b22b22b965c886ee1fced093fa27dde9e64"},
    {file = "uvloop-0.12.2-cp37-cp37m-macosx_10_11_x86_64.whl", hash = "sha256:b284c22d8938866318e3b9d178142b8be316c52d16fcfe1560685a686718a021"},
    {file = "uvloop-0.12.2-cp37-cp37m-manylinux1_i686.whl", hash = "sha256:0fcd894f6fc3226a962ee7ad895c4f52e3f5c3c55098e21efb17c071849a0573"},
    {file = "uvloop-0.12.2-cp37-cp37m-manylinux1_x86_64.whl", hash = "sha256:459e4649fcd5ff719523de33964aa284898e55df62761e7773d088823ccbd3e0"},
    {file = "uvloop-0.12.2.tar.gz", hash = "sha256:c48692bf4587ce281d641087658eca275a5ad3b63c78297bbded96570ae9ce8f"},
]
yarl = [
    {file = "yarl-1.3.0-cp35-cp35m-manylinux1_i686.whl", hash = "sha256:3e2724eb9af5dc41648e5bb304fcf4891adc33258c6e14e2a7414ea32541e320"},
    {file = "yarl-1.3.0-cp35-cp35m-manylinux1_x86_64.whl", hash = "sha256:3890ab952d508523ef4881457c4099056546593fa05e93da84c7250516e632eb"},
    {file = "yarl-1.3.0-cp35-cp35m-win32.whl", hash = "sha256:7ab825726f2940c16d92aaec7d204cfc34ac26c0040da727cf8ba87255a33829"},
    {file = "yarl-1.3.0-cp35-cp35m-win_amd64.whl", hash = "sha256:b25de84a8c20540531526dfbb0e2d2b648c13fd5dd126728c496d7c3fea33310"},
    {file = "yarl-1.3.0-cp36-cp36m-manylinux1_i686.whl", hash = "sha256:2f3010703295fbe1aec51023740871e64bb9664c789cba5a6bdf404e93f7568f"},
    {file = "yarl-1.3.0-cp36-cp36m-manylinux1_x86_64.whl", hash = "sha256:5badb97dd0abf26623a9982cd448ff12cb39b8e4c94032ccdedf22ce01a64842"},
    {file = "yarl-1.3.0-cp36-cp36m-win32.whl", hash = "sha256:c9bb7c249c4432cd47e75af3864bc02d26c9594f49c82e2a28624417f0ae63b8"},
    {file = "yarl-1.3.0-cp36-cp36m-win_amd64.whl", hash = "sha256:c6e341f5a6562af74ba55205dbd56d248daf1b5748ec48a0200ba227bb9e33f4"},
    {file = "yarl-1.3.0-cp37-cp37m-win32.whl", hash = "sha256:e060906c0c585565c718d1c3841747b61c5439af2211e185f6739a9412dfbde1"},
    {file = "yarl-1.3.0-cp37-cp37m-win_amd64.whl", hash = "sha256:73f447d11b530d860ca1e6b582f947688286ad16ca42256413083d13f260b7a0"},
    {file = "yarl-1.3.0.tar.gz", hash = "sha256:024ecdc12bc02b321bc66b41327f930d1c2c543fa9a561b39861da9388ba7aa9"},
]
